
Microsoft Visual Studio Solution File, Format Version 12.00
# Visual Studio Version 17
VisualStudioVersion = 17.5.002.0
MinimumVisualStudioVersion = 10.0.40219.1
Project("{9A19103F-16F7-4668-BE54-9A1E7A4F7556}") = "day1", "day1.csproj", "{7FF5673E-6CCA-433C-A7F6-3713E8B3D52A}"
EndProject
Global
	GlobalSection(SolutionConfigurationPlatforms) = preSolution
		Debug|Any CPU = Debug|Any CPU
		Release|Any CPU = Release|Any CPU
	EndGlobalSection
	GlobalSection(ProjectConfigurationPlatforms) = postSolution
		{7FF5673E-6CCA-433C-A7F6-3713E8B3D52A}.Debug|Any CPU.ActiveCfg = Debug|Any CPU
		{7FF5673E-6CCA-433C-A7F6-3713E8B3D52A}.Debug|Any CPU.Build.0 = Debug|Any CPU
		{7FF5673E-6CCA-433C-A7F6-3713E8B3D52A}.Release|Any CPU.ActiveCfg = Release|Any CPU
		{7FF5673E-6CCA-433C-A7F6-3713E8B3D52A}.Release|Any CPU.Build.0 = Release|Any CPU
	EndGlobalSection
	GlobalSection(SolutionProperties) = preSolution
		HideSolutionNode = FALSE
	EndGlobalSection
	GlobalSection(ExtensibilityGlobals) = postSolution
		SolutionGuid = {1226E2F4-1CAD-44C3-8F7A-270A6E7228B4}
	EndGlobalSection
EndGlobal
